
Microsoft Visual Studio Solution File, Format Version 12.00
# Visual Studio 14
VisualStudioVersion = 14.0.25420.1
MinimumVisualStudioVersion = 10.0.40219.1
Project("{8BC9CEB8-8B4A-11D0-8D11-00A0C91BC942}") = "Holter_vs2015", "Holter_vs2015\Holter_vs2015.vcxproj", "{98E8F9B6-A886-466E-98C5-92B1106FCFDF}"
EndProject
Global
	GlobalSection(SolutionConfigurationPlatforms) = preSolution
		Debug_libcurldll|x64 = Debug_libcurldll|x64
		Debug_libcurldll|x86 = Debug_libcurldll|x86
		Debug|x64 = Debug|x64
		Debug|x86 = Debug|x86
		Release_libcurldll|x64 = Release_libcurldll|x64
		Release_libcurldll|x86 = Release_libcurldll|x86
		release_static|x64 = release_static|x64
		release_static|x86 = release_static|x86
		Release|x64 = Release|x64
		Release|x86 = Release|x86
		releasedll|x64 = releasedll|x64
		releasedll|x86 = releasedll|x86
	EndGlobalSection
	GlobalSection(ProjectConfigurationPlatforms) = postSolution
		{98E8F9B6-A886-466E-98C5-92B1106FCFDF}.Debug_libcurldll|x64.ActiveCfg = Debug_libcurldll|x64
		{98E8F9B6-A886-466E-98C5-92B1106FCFDF}.Debug_libcurldll|x64.Build.0 = Debug_libcurldll|x64
		{98E8F9B6-A886-466E-98C5-92B1106FCFDF}.Debug_libcurldll|x86.ActiveCfg = Debug_libcurldll|Win32
		{98E8F9B6-A886-466E-98C5-92B1106FCFDF}.Debug_libcurldll|x86.Build.0 = Debug_libcurldll|Win32
		{98E8F9B6-A886-466E-98C5-92B1106FCFDF}.Debug|x64.ActiveCfg = Debug|x64
		{98E8F9B6-A886-466E-98C5-92B1106FCFDF}.Debug|x64.Build.0 = Debug|x64
		{98E8F9B6-A886-466E-98C5-92B1106FCFDF}.Debug|x86.ActiveCfg = Debug|Win32
		{98E8F9B6-A886-466E-98C5-92B1106FCFDF}.Debug|x86.Build.0 = Debug|Win32
		{98E8F9B6-A886-466E-98C5-92B1106FCFDF}.Release_libcurldll|x64.ActiveCfg = Release_libcurldll|x64
		{98E8F9B6-A886-466E-98C5-92B1106FCFDF}.Release_libcurldll|x64.Build.0 = Release_libcurldll|x64
		{98E8F9B6-A886-466E-98C5-92B1106FCFDF}.Release_libcurldll|x86.ActiveCfg = Release_libcurldll|Win32
		{98E8F9B6-A886-466E-98C5-92B1106FCFDF}.Release_libcurldll|x86.Build.0 = Release_libcurldll|Win32
		{98E8F9B6-A886-466E-98C5-92B1106FCFDF}.release_static|x64.ActiveCfg = release_static|x64
		{98E8F9B6-A886-466E-98C5-92B1106FCFDF}.release_static|x64.Build.0 = release_static|x64
		{98E8F9B6-A886-466E-98C5-92B1106FCFDF}.release_static|x86.ActiveCfg = release_static|Win32
		{98E8F9B6-A886-466E-98C5-92B1106FCFDF}.release_static|x86.Build.0 = release_static|Win32
		{98E8F9B6-A886-466E-98C5-92B1106FCFDF}.Release|x64.ActiveCfg = Release|x64
		{98E8F9B6-A886-466E-98C5-92B1106FCFDF}.Release|x64.Build.0 = Release|x64
		{98E8F9B6-A886-466E-98C5-92B1106FCFDF}.Release|x86.ActiveCfg = Release|Win32
		{98E8F9B6-A886-466E-98C5-92B1106FCFDF}.Release|x86.Build.0 = Release|Win32
		{98E8F9B6-A886-466E-98C5-92B1106FCFDF}.releasedll|x64.ActiveCfg = releasedll|x64
		{98E8F9B6-A886-466E-98C5-92B1106FCFDF}.releasedll|x64.Build.0 = releasedll|x64
		{98E8F9B6-A886-466E-98C5-92B1106FCFDF}.releasedll|x86.ActiveCfg = releasedll|Win32
		{98E8F9B6-A886-466E-98C5-92B1106FCFDF}.releasedll|x86.Build.0 = releasedll|Win32
	EndGlobalSection
	GlobalSection(SolutionProperties) = preSolution
		HideSolutionNode = FALSE
	EndGlobalSection
EndGlobal
